
Microsoft Visual Studio Solution File, Format Version 12.00
# Visual Studio Version 16
VisualStudioVersion = 16.0.32228.343
MinimumVisualStudioVersion = 10.0.40219.1
Project("{FAE04EC0-301F-11D3-BF4B-00C04F79EFBC}") = "JogoDaVelha", "JogoDaVelha\JogoDaVelha.csproj", "{CF3A2FE0-3AD1-485D-9CCE-AE7313E458BC}"
EndProject
Global
	GlobalSection(SolutionConfigurationPlatforms) = preSolution
		Debug|Any CPU = Debug|Any CPU
		Release|Any CPU = Release|Any CPU
	EndGlobalSection
	GlobalSection(ProjectConfigurationPlatforms) = postSolution
		{CF3A2FE0-3AD1-485D-9CCE-AE7313E458BC}.Debug|Any CPU.ActiveCfg = Debug|Any CPU
		{CF3A2FE0-3AD1-485D-9CCE-AE7313E458BC}.Debug|Any CPU.Build.0 = Debug|Any CPU
		{CF3A2FE0-3AD1-485D-9CCE-AE7313E458BC}.Release|Any CPU.ActiveCfg = Release|Any CPU
		{CF3A2FE0-3AD1-485D-9CCE-AE7313E458BC}.Release|Any CPU.Build.0 = Release|Any CPU
	EndGlobalSection
	GlobalSection(SolutionProperties) = preSolution
		HideSolutionNode = FALSE
	EndGlobalSection
	GlobalSection(ExtensibilityGlobals) = postSolution
		SolutionGuid = {34E1310C-60D7-40C7-AD5F-3C2F16E06F44}
	EndGlobalSection
EndGlobal
